
Microsoft Visual Studio Solution File, Format Version 12.00
# Visual Studio Version 17
VisualStudioVersion = 17.10.35027.167
MinimumVisualStudioVersion = 10.0.40219.1
Project("{9A19103F-16F7-4668-BE54-9A1E7A4F7556}") = "BlogsWebApi", "BlogsWebApi.csproj", "{826AE9FF-FCE2-48FD-941F-CFC89908813A}"
EndProject
Project("{FAE04EC0-301F-11D3-BF4B-00C04F79EFBC}") = "TestBlog1", "..\TestBlog1\TestBlog1.csproj", "{2CA239EF-E2F0-41B1-B072-531385230F4D}"
EndProject
Global
	GlobalSection(SolutionConfigurationPlatforms) = preSolution
		Debug|Any CPU = Debug|Any CPU
		Release|Any CPU = Release|Any CPU
	EndGlobalSection
	GlobalSection(ProjectConfigurationPlatforms) = postSolution
		{826AE9FF-FCE2-48FD-941F-CFC89908813A}.Debug|Any CPU.ActiveCfg = Debug|Any CPU
		{826AE9FF-FCE2-48FD-941F-CFC89908813A}.Debug|Any CPU.Build.0 = Debug|Any CPU
		{826AE9FF-FCE2-48FD-941F-CFC89908813A}.Release|Any CPU.ActiveCfg = Release|Any CPU
		{826AE9FF-FCE2-48FD-941F-CFC89908813A}.Release|Any CPU.Build.0 = Release|Any CPU
		{2CA239EF-E2F0-41B1-B072-531385230F4D}.Debug|Any CPU.ActiveCfg = Debug|Any CPU
		{2CA239EF-E2F0-41B1-B072-531385230F4D}.Debug|Any CPU.Build.0 = Debug|Any CPU
		{2CA239EF-E2F0-41B1-B072-531385230F4D}.Release|Any CPU.ActiveCfg = Release|Any CPU
		{2CA239EF-E2F0-41B1-B072-531385230F4D}.Release|Any CPU.Build.0 = Release|Any CPU
	EndGlobalSection
	GlobalSection(SolutionProperties) = preSolution
		HideSolutionNode = FALSE
	EndGlobalSection
	GlobalSection(ExtensibilityGlobals) = postSolution
		SolutionGuid = {DCE6009C-DFF9-47D7-8679-944E66B9805C}
	EndGlobalSection
EndGlobal
